
Microsoft Visual Studio Solution File, Format Version 12.00
# Visual Studio Version 16
VisualStudioVersion = 16.0.29806.167
MinimumVisualStudioVersion = 10.0.40219.1
Project("{8BC9CEB8-8B4A-11D0-8D11-00A0C91BC942}") = "10809 알파벳 찾기", "10809 알파벳 찾기.vcxproj", "{EAAD30CB-BB71-4887-9FF3-F6FF097DFEC2}"
EndProject
Global
	GlobalSection(SolutionConfigurationPlatforms) = preSolution
		Debug|x64 = Debug|x64
		Debug|x86 = Debug|x86
		Release|x64 = Release|x64
		Release|x86 = Release|x86
	EndGlobalSection
	GlobalSection(ProjectConfigurationPlatforms) = postSolution
		{EAAD30CB-BB71-4887-9FF3-F6FF097DFEC2}.Debug|x64.ActiveCfg = Debug|x64
		{EAAD30CB-BB71-4887-9FF3-F6FF097DFEC2}.Debug|x64.Build.0 = Debug|x64
		{EAAD30CB-BB71-4887-9FF3-F6FF097DFEC2}.Debug|x86.ActiveCfg = Debug|Win32
		{EAAD30CB-BB71-4887-9FF3-F6FF097DFEC2}.Debug|x86.Build.0 = Debug|Win32
		{EAAD30CB-BB71-4887-9FF3-F6FF097DFEC2}.Release|x64.ActiveCfg = Release|x64
		{EAAD30CB-BB71-4887-9FF3-F6FF097DFEC2}.Release|x64.Build.0 = Release|x64
		{EAAD30CB-BB71-4887-9FF3-F6FF097DFEC2}.Release|x86.ActiveCfg = Release|Win32
		{EAAD30CB-BB71-4887-9FF3-F6FF097DFEC2}.Release|x86.Build.0 = Release|Win32
	EndGlobalSection
	GlobalSection(SolutionProperties) = preSolution
		HideSolutionNode = FALSE
	EndGlobalSection
	GlobalSection(ExtensibilityGlobals) = postSolution
		SolutionGuid = {C6395334-281F-4B8B-A353-421B77AB44ED}
	EndGlobalSection
EndGlobal
