
Microsoft Visual Studio Solution File, Format Version 12.00
# Visual Studio Version 16
VisualStudioVersion = 16.0.29806.167
MinimumVisualStudioVersion = 10.0.40219.1
Project("{8BC9CEB8-8B4A-11D0-8D11-00A0C91BC942}") = "1978 소수찾기", "1978 소수찾기.vcxproj", "{C3DFEE96-F206-4A72-938C-541657E163EE}"
EndProject
Global
	GlobalSection(SolutionConfigurationPlatforms) = preSolution
		Debug|x64 = Debug|x64
		Debug|x86 = Debug|x86
		Release|x64 = Release|x64
		Release|x86 = Release|x86
	EndGlobalSection
	GlobalSection(ProjectConfigurationPlatforms) = postSolution
		{C3DFEE96-F206-4A72-938C-541657E163EE}.Debug|x64.ActiveCfg = Debug|x64
		{C3DFEE96-F206-4A72-938C-541657E163EE}.Debug|x64.Build.0 = Debug|x64
		{C3DFEE96-F206-4A72-938C-541657E163EE}.Debug|x86.ActiveCfg = Debug|Win32
		{C3DFEE96-F206-4A72-938C-541657E163EE}.Debug|x86.Build.0 = Debug|Win32
		{C3DFEE96-F206-4A72-938C-541657E163EE}.Release|x64.ActiveCfg = Release|x64
		{C3DFEE96-F206-4A72-938C-541657E163EE}.Release|x64.Build.0 = Release|x64
		{C3DFEE96-F206-4A72-938C-541657E163EE}.Release|x86.ActiveCfg = Release|Win32
		{C3DFEE96-F206-4A72-938C-541657E163EE}.Release|x86.Build.0 = Release|Win32
	EndGlobalSection
	GlobalSection(SolutionProperties) = preSolution
		HideSolutionNode = FALSE
	EndGlobalSection
	GlobalSection(ExtensibilityGlobals) = postSolution
		SolutionGuid = {C02D8C14-F33B-4BDD-B99E-CCB4A4E34046}
	EndGlobalSection
EndGlobal
