
Microsoft Visual Studio Solution File, Format Version 12.00
# Visual Studio Version 16
VisualStudioVersion = 16.0.29806.167
MinimumVisualStudioVersion = 10.0.40219.1
Project("{8BC9CEB8-8B4A-11D0-8D11-00A0C91BC942}") = "2812 크게 만들기", "2812 크게 만들기.vcxproj", "{4F90B894-BF6E-4D24-A2C2-1FD7EB36060F}"
EndProject
Global
	GlobalSection(SolutionConfigurationPlatforms) = preSolution
		Debug|x64 = Debug|x64
		Debug|x86 = Debug|x86
		Release|x64 = Release|x64
		Release|x86 = Release|x86
	EndGlobalSection
	GlobalSection(ProjectConfigurationPlatforms) = postSolution
		{4F90B894-BF6E-4D24-A2C2-1FD7EB36060F}.Debug|x64.ActiveCfg = Debug|x64
		{4F90B894-BF6E-4D24-A2C2-1FD7EB36060F}.Debug|x64.Build.0 = Debug|x64
		{4F90B894-BF6E-4D24-A2C2-1FD7EB36060F}.Debug|x86.ActiveCfg = Debug|Win32
		{4F90B894-BF6E-4D24-A2C2-1FD7EB36060F}.Debug|x86.Build.0 = Debug|Win32
		{4F90B894-BF6E-4D24-A2C2-1FD7EB36060F}.Release|x64.ActiveCfg = Release|x64
		{4F90B894-BF6E-4D24-A2C2-1FD7EB36060F}.Release|x64.Build.0 = Release|x64
		{4F90B894-BF6E-4D24-A2C2-1FD7EB36060F}.Release|x86.ActiveCfg = Release|Win32
		{4F90B894-BF6E-4D24-A2C2-1FD7EB36060F}.Release|x86.Build.0 = Release|Win32
	EndGlobalSection
	GlobalSection(SolutionProperties) = preSolution
		HideSolutionNode = FALSE
	EndGlobalSection
	GlobalSection(ExtensibilityGlobals) = postSolution
		SolutionGuid = {6230F49C-B077-408F-996F-CB23DB1680AE}
	EndGlobalSection
EndGlobal
