
Microsoft Visual Studio Solution File, Format Version 12.00
# Visual Studio Version 16
VisualStudioVersion = 16.0.29806.167
MinimumVisualStudioVersion = 10.0.40219.1
Project("{8BC9CEB8-8B4A-11D0-8D11-00A0C91BC942}") = "2167 2차원 배열의 합", "2167 2차원 배열의 합.vcxproj", "{0453C8F7-18B0-4FD0-8028-E1A029D43B81}"
EndProject
Global
	GlobalSection(SolutionConfigurationPlatforms) = preSolution
		Debug|x64 = Debug|x64
		Debug|x86 = Debug|x86
		Release|x64 = Release|x64
		Release|x86 = Release|x86
	EndGlobalSection
	GlobalSection(ProjectConfigurationPlatforms) = postSolution
		{0453C8F7-18B0-4FD0-8028-E1A029D43B81}.Debug|x64.ActiveCfg = Debug|x64
		{0453C8F7-18B0-4FD0-8028-E1A029D43B81}.Debug|x64.Build.0 = Debug|x64
		{0453C8F7-18B0-4FD0-8028-E1A029D43B81}.Debug|x86.ActiveCfg = Debug|Win32
		{0453C8F7-18B0-4FD0-8028-E1A029D43B81}.Debug|x86.Build.0 = Debug|Win32
		{0453C8F7-18B0-4FD0-8028-E1A029D43B81}.Release|x64.ActiveCfg = Release|x64
		{0453C8F7-18B0-4FD0-8028-E1A029D43B81}.Release|x64.Build.0 = Release|x64
		{0453C8F7-18B0-4FD0-8028-E1A029D43B81}.Release|x86.ActiveCfg = Release|Win32
		{0453C8F7-18B0-4FD0-8028-E1A029D43B81}.Release|x86.Build.0 = Release|Win32
	EndGlobalSection
	GlobalSection(SolutionProperties) = preSolution
		HideSolutionNode = FALSE
	EndGlobalSection
	GlobalSection(ExtensibilityGlobals) = postSolution
		SolutionGuid = {2FC00BF3-27BB-4892-A96D-3B59EF0DF935}
	EndGlobalSection
EndGlobal
