
Microsoft Visual Studio Solution File, Format Version 12.00
# Visual Studio Version 16
VisualStudioVersion = 16.0.29613.14
MinimumVisualStudioVersion = 10.0.40219.1
Project("{8BC9CEB8-8B4A-11D0-8D11-00A0C91BC942}") = "동전 0", "동전 0.vcxproj", "{AC7FB37D-A482-4AF5-AAEA-A333A284C926}"
EndProject
Global
	GlobalSection(SolutionConfigurationPlatforms) = preSolution
		Debug|x64 = Debug|x64
		Debug|x86 = Debug|x86
		Release|x64 = Release|x64
		Release|x86 = Release|x86
	EndGlobalSection
	GlobalSection(ProjectConfigurationPlatforms) = postSolution
		{AC7FB37D-A482-4AF5-AAEA-A333A284C926}.Debug|x64.ActiveCfg = Debug|x64
		{AC7FB37D-A482-4AF5-AAEA-A333A284C926}.Debug|x64.Build.0 = Debug|x64
		{AC7FB37D-A482-4AF5-AAEA-A333A284C926}.Debug|x86.ActiveCfg = Debug|Win32
		{AC7FB37D-A482-4AF5-AAEA-A333A284C926}.Debug|x86.Build.0 = Debug|Win32
		{AC7FB37D-A482-4AF5-AAEA-A333A284C926}.Release|x64.ActiveCfg = Release|x64
		{AC7FB37D-A482-4AF5-AAEA-A333A284C926}.Release|x64.Build.0 = Release|x64
		{AC7FB37D-A482-4AF5-AAEA-A333A284C926}.Release|x86.ActiveCfg = Release|Win32
		{AC7FB37D-A482-4AF5-AAEA-A333A284C926}.Release|x86.Build.0 = Release|Win32
	EndGlobalSection
	GlobalSection(SolutionProperties) = preSolution
		HideSolutionNode = FALSE
	EndGlobalSection
	GlobalSection(ExtensibilityGlobals) = postSolution
		SolutionGuid = {2C9BC56E-9D97-44E6-8DF3-B0570FB9BCA7}
	EndGlobalSection
EndGlobal
