
Microsoft Visual Studio Solution File, Format Version 12.00
# Visual Studio Version 16
VisualStudioVersion = 16.0.30011.22
MinimumVisualStudioVersion = 10.0.40219.1
Project("{8BC9CEB8-8B4A-11D0-8D11-00A0C91BC942}") = "2110 공유기 설치", "2110 공유기 설치.vcxproj", "{F7298314-B255-42E8-AD3F-6A4C5F076940}"
EndProject
Global
	GlobalSection(SolutionConfigurationPlatforms) = preSolution
		Debug|x64 = Debug|x64
		Debug|x86 = Debug|x86
		Release|x64 = Release|x64
		Release|x86 = Release|x86
	EndGlobalSection
	GlobalSection(ProjectConfigurationPlatforms) = postSolution
		{F7298314-B255-42E8-AD3F-6A4C5F076940}.Debug|x64.ActiveCfg = Debug|x64
		{F7298314-B255-42E8-AD3F-6A4C5F076940}.Debug|x64.Build.0 = Debug|x64
		{F7298314-B255-42E8-AD3F-6A4C5F076940}.Debug|x86.ActiveCfg = Debug|Win32
		{F7298314-B255-42E8-AD3F-6A4C5F076940}.Debug|x86.Build.0 = Debug|Win32
		{F7298314-B255-42E8-AD3F-6A4C5F076940}.Release|x64.ActiveCfg = Release|x64
		{F7298314-B255-42E8-AD3F-6A4C5F076940}.Release|x64.Build.0 = Release|x64
		{F7298314-B255-42E8-AD3F-6A4C5F076940}.Release|x86.ActiveCfg = Release|Win32
		{F7298314-B255-42E8-AD3F-6A4C5F076940}.Release|x86.Build.0 = Release|Win32
	EndGlobalSection
	GlobalSection(SolutionProperties) = preSolution
		HideSolutionNode = FALSE
	EndGlobalSection
	GlobalSection(ExtensibilityGlobals) = postSolution
		SolutionGuid = {85B9B5F9-CEE9-4248-BDA5-00310EA7979F}
	EndGlobalSection
EndGlobal
