
Microsoft Visual Studio Solution File, Format Version 12.00
# Visual Studio Version 16
VisualStudioVersion = 16.0.30503.244
MinimumVisualStudioVersion = 10.0.40219.1
Project("{8BC9CEB8-8B4A-11D0-8D11-00A0C91BC942}") = "2589 보물섬", "2589 보물섬.vcxproj", "{61C211B5-5312-48FC-9FF8-D4D71E34BC6F}"
EndProject
Global
	GlobalSection(SolutionConfigurationPlatforms) = preSolution
		Debug|x64 = Debug|x64
		Debug|x86 = Debug|x86
		Release|x64 = Release|x64
		Release|x86 = Release|x86
	EndGlobalSection
	GlobalSection(ProjectConfigurationPlatforms) = postSolution
		{61C211B5-5312-48FC-9FF8-D4D71E34BC6F}.Debug|x64.ActiveCfg = Debug|x64
		{61C211B5-5312-48FC-9FF8-D4D71E34BC6F}.Debug|x64.Build.0 = Debug|x64
		{61C211B5-5312-48FC-9FF8-D4D71E34BC6F}.Debug|x86.ActiveCfg = Debug|Win32
		{61C211B5-5312-48FC-9FF8-D4D71E34BC6F}.Debug|x86.Build.0 = Debug|Win32
		{61C211B5-5312-48FC-9FF8-D4D71E34BC6F}.Release|x64.ActiveCfg = Release|x64
		{61C211B5-5312-48FC-9FF8-D4D71E34BC6F}.Release|x64.Build.0 = Release|x64
		{61C211B5-5312-48FC-9FF8-D4D71E34BC6F}.Release|x86.ActiveCfg = Release|Win32
		{61C211B5-5312-48FC-9FF8-D4D71E34BC6F}.Release|x86.Build.0 = Release|Win32
	EndGlobalSection
	GlobalSection(SolutionProperties) = preSolution
		HideSolutionNode = FALSE
	EndGlobalSection
	GlobalSection(ExtensibilityGlobals) = postSolution
		SolutionGuid = {CDE8B11A-7C24-4EF3-9F62-5ADDB7EADCD1}
	EndGlobalSection
EndGlobal
