
Microsoft Visual Studio Solution File, Format Version 12.00
# Visual Studio Version 16
VisualStudioVersion = 16.0.29728.190
MinimumVisualStudioVersion = 10.0.40219.1
Project("{8BC9CEB8-8B4A-11D0-8D11-00A0C91BC942}") = "잃어버린괄호", "잃어버린괄호.vcxproj", "{523DAEA8-8DC6-4B9C-BE70-2227A49F3486}"
EndProject
Global
	GlobalSection(SolutionConfigurationPlatforms) = preSolution
		Debug|x64 = Debug|x64
		Debug|x86 = Debug|x86
		Release|x64 = Release|x64
		Release|x86 = Release|x86
	EndGlobalSection
	GlobalSection(ProjectConfigurationPlatforms) = postSolution
		{523DAEA8-8DC6-4B9C-BE70-2227A49F3486}.Debug|x64.ActiveCfg = Debug|x64
		{523DAEA8-8DC6-4B9C-BE70-2227A49F3486}.Debug|x64.Build.0 = Debug|x64
		{523DAEA8-8DC6-4B9C-BE70-2227A49F3486}.Debug|x86.ActiveCfg = Debug|Win32
		{523DAEA8-8DC6-4B9C-BE70-2227A49F3486}.Debug|x86.Build.0 = Debug|Win32
		{523DAEA8-8DC6-4B9C-BE70-2227A49F3486}.Release|x64.ActiveCfg = Release|x64
		{523DAEA8-8DC6-4B9C-BE70-2227A49F3486}.Release|x64.Build.0 = Release|x64
		{523DAEA8-8DC6-4B9C-BE70-2227A49F3486}.Release|x86.ActiveCfg = Release|Win32
		{523DAEA8-8DC6-4B9C-BE70-2227A49F3486}.Release|x86.Build.0 = Release|Win32
	EndGlobalSection
	GlobalSection(SolutionProperties) = preSolution
		HideSolutionNode = FALSE
	EndGlobalSection
	GlobalSection(ExtensibilityGlobals) = postSolution
		SolutionGuid = {B3E7E12B-96B8-4C44-83C8-97A4A4DD5270}
	EndGlobalSection
EndGlobal
