
Microsoft Visual Studio Solution File, Format Version 12.00
# Visual Studio Version 16
VisualStudioVersion = 16.0.29806.167
MinimumVisualStudioVersion = 10.0.40219.1
Project("{8BC9CEB8-8B4A-11D0-8D11-00A0C91BC942}") = "Project3", "Project3.vcxproj", "{F951C9CD-FC3F-4DB9-9403-7363B07D682D}"
EndProject
Global
	GlobalSection(SolutionConfigurationPlatforms) = preSolution
		Debug|x64 = Debug|x64
		Debug|x86 = Debug|x86
		Release|x64 = Release|x64
		Release|x86 = Release|x86
	EndGlobalSection
	GlobalSection(ProjectConfigurationPlatforms) = postSolution
		{F951C9CD-FC3F-4DB9-9403-7363B07D682D}.Debug|x64.ActiveCfg = Debug|x64
		{F951C9CD-FC3F-4DB9-9403-7363B07D682D}.Debug|x64.Build.0 = Debug|x64
		{F951C9CD-FC3F-4DB9-9403-7363B07D682D}.Debug|x86.ActiveCfg = Debug|Win32
		{F951C9CD-FC3F-4DB9-9403-7363B07D682D}.Debug|x86.Build.0 = Debug|Win32
		{F951C9CD-FC3F-4DB9-9403-7363B07D682D}.Release|x64.ActiveCfg = Release|x64
		{F951C9CD-FC3F-4DB9-9403-7363B07D682D}.Release|x64.Build.0 = Release|x64
		{F951C9CD-FC3F-4DB9-9403-7363B07D682D}.Release|x86.ActiveCfg = Release|Win32
		{F951C9CD-FC3F-4DB9-9403-7363B07D682D}.Release|x86.Build.0 = Release|Win32
	EndGlobalSection
	GlobalSection(SolutionProperties) = preSolution
		HideSolutionNode = FALSE
	EndGlobalSection
	GlobalSection(ExtensibilityGlobals) = postSolution
		SolutionGuid = {9C26CF77-A39B-400B-AD8C-66A59B10B561}
	EndGlobalSection
EndGlobal
