
Microsoft Visual Studio Solution File, Format Version 12.00
# Visual Studio Version 16
VisualStudioVersion = 16.0.30225.117
MinimumVisualStudioVersion = 10.0.40219.1
Project("{8BC9CEB8-8B4A-11D0-8D11-00A0C91BC942}") = "(프로그래머스) H-Index", "(프로그래머스) H-Index.vcxproj", "{0FAE134D-C0AE-4012-8BA1-061982DED5BA}"
EndProject
Global
	GlobalSection(SolutionConfigurationPlatforms) = preSolution
		Debug|x64 = Debug|x64
		Debug|x86 = Debug|x86
		Release|x64 = Release|x64
		Release|x86 = Release|x86
	EndGlobalSection
	GlobalSection(ProjectConfigurationPlatforms) = postSolution
		{0FAE134D-C0AE-4012-8BA1-061982DED5BA}.Debug|x64.ActiveCfg = Debug|x64
		{0FAE134D-C0AE-4012-8BA1-061982DED5BA}.Debug|x64.Build.0 = Debug|x64
		{0FAE134D-C0AE-4012-8BA1-061982DED5BA}.Debug|x86.ActiveCfg = Debug|Win32
		{0FAE134D-C0AE-4012-8BA1-061982DED5BA}.Debug|x86.Build.0 = Debug|Win32
		{0FAE134D-C0AE-4012-8BA1-061982DED5BA}.Release|x64.ActiveCfg = Release|x64
		{0FAE134D-C0AE-4012-8BA1-061982DED5BA}.Release|x64.Build.0 = Release|x64
		{0FAE134D-C0AE-4012-8BA1-061982DED5BA}.Release|x86.ActiveCfg = Release|Win32
		{0FAE134D-C0AE-4012-8BA1-061982DED5BA}.Release|x86.Build.0 = Release|Win32
	EndGlobalSection
	GlobalSection(SolutionProperties) = preSolution
		HideSolutionNode = FALSE
	EndGlobalSection
	GlobalSection(ExtensibilityGlobals) = postSolution
		SolutionGuid = {60B238C6-B457-4D74-8871-DB217C298503}
	EndGlobalSection
EndGlobal
