
Microsoft Visual Studio Solution File, Format Version 12.00
# Visual Studio Version 16
VisualStudioVersion = 16.0.30225.117
MinimumVisualStudioVersion = 10.0.40219.1
Project("{8BC9CEB8-8B4A-11D0-8D11-00A0C91BC942}") = "(프로그래머스) 짝지어 제거하기", "(프로그래머스) 짝지어 제거하기.vcxproj", "{76259D00-DDCF-4585-BA63-88C609D95B74}"
EndProject
Global
	GlobalSection(SolutionConfigurationPlatforms) = preSolution
		Debug|x64 = Debug|x64
		Debug|x86 = Debug|x86
		Release|x64 = Release|x64
		Release|x86 = Release|x86
	EndGlobalSection
	GlobalSection(ProjectConfigurationPlatforms) = postSolution
		{76259D00-DDCF-4585-BA63-88C609D95B74}.Debug|x64.ActiveCfg = Debug|x64
		{76259D00-DDCF-4585-BA63-88C609D95B74}.Debug|x64.Build.0 = Debug|x64
		{76259D00-DDCF-4585-BA63-88C609D95B74}.Debug|x86.ActiveCfg = Debug|Win32
		{76259D00-DDCF-4585-BA63-88C609D95B74}.Debug|x86.Build.0 = Debug|Win32
		{76259D00-DDCF-4585-BA63-88C609D95B74}.Release|x64.ActiveCfg = Release|x64
		{76259D00-DDCF-4585-BA63-88C609D95B74}.Release|x64.Build.0 = Release|x64
		{76259D00-DDCF-4585-BA63-88C609D95B74}.Release|x86.ActiveCfg = Release|Win32
		{76259D00-DDCF-4585-BA63-88C609D95B74}.Release|x86.Build.0 = Release|Win32
	EndGlobalSection
	GlobalSection(SolutionProperties) = preSolution
		HideSolutionNode = FALSE
	EndGlobalSection
	GlobalSection(ExtensibilityGlobals) = postSolution
		SolutionGuid = {B366BED7-19E1-45FC-999C-E8A5481B521A}
	EndGlobalSection
EndGlobal
