
Microsoft Visual Studio Solution File, Format Version 12.00
# Visual Studio Version 16
VisualStudioVersion = 16.0.30503.244
MinimumVisualStudioVersion = 10.0.40219.1
Project("{8BC9CEB8-8B4A-11D0-8D11-00A0C91BC942}") = "5014 스타트링크", "5014 스타트링크.vcxproj", "{E9BCE933-732B-431D-A1FA-BFE475E2961A}"
EndProject
Global
	GlobalSection(SolutionConfigurationPlatforms) = preSolution
		Debug|x64 = Debug|x64
		Debug|x86 = Debug|x86
		Release|x64 = Release|x64
		Release|x86 = Release|x86
	EndGlobalSection
	GlobalSection(ProjectConfigurationPlatforms) = postSolution
		{E9BCE933-732B-431D-A1FA-BFE475E2961A}.Debug|x64.ActiveCfg = Debug|x64
		{E9BCE933-732B-431D-A1FA-BFE475E2961A}.Debug|x64.Build.0 = Debug|x64
		{E9BCE933-732B-431D-A1FA-BFE475E2961A}.Debug|x86.ActiveCfg = Debug|Win32
		{E9BCE933-732B-431D-A1FA-BFE475E2961A}.Debug|x86.Build.0 = Debug|Win32
		{E9BCE933-732B-431D-A1FA-BFE475E2961A}.Release|x64.ActiveCfg = Release|x64
		{E9BCE933-732B-431D-A1FA-BFE475E2961A}.Release|x64.Build.0 = Release|x64
		{E9BCE933-732B-431D-A1FA-BFE475E2961A}.Release|x86.ActiveCfg = Release|Win32
		{E9BCE933-732B-431D-A1FA-BFE475E2961A}.Release|x86.Build.0 = Release|Win32
	EndGlobalSection
	GlobalSection(SolutionProperties) = preSolution
		HideSolutionNode = FALSE
	EndGlobalSection
	GlobalSection(ExtensibilityGlobals) = postSolution
		SolutionGuid = {A7772AC2-8171-495B-A51A-C661FD5B8E4A}
	EndGlobalSection
EndGlobal
