
Microsoft Visual Studio Solution File, Format Version 12.00
# Visual Studio Version 16
VisualStudioVersion = 16.0.30503.244
MinimumVisualStudioVersion = 10.0.40219.1
Project("{8BC9CEB8-8B4A-11D0-8D11-00A0C91BC942}") = "11000 강의실 배정", "11000 강의실 배정.vcxproj", "{2B889ADF-E280-46B7-B69C-2EA2E2257D0D}"
EndProject
Global
	GlobalSection(SolutionConfigurationPlatforms) = preSolution
		Debug|x64 = Debug|x64
		Debug|x86 = Debug|x86
		Release|x64 = Release|x64
		Release|x86 = Release|x86
	EndGlobalSection
	GlobalSection(ProjectConfigurationPlatforms) = postSolution
		{2B889ADF-E280-46B7-B69C-2EA2E2257D0D}.Debug|x64.ActiveCfg = Debug|x64
		{2B889ADF-E280-46B7-B69C-2EA2E2257D0D}.Debug|x64.Build.0 = Debug|x64
		{2B889ADF-E280-46B7-B69C-2EA2E2257D0D}.Debug|x86.ActiveCfg = Debug|Win32
		{2B889ADF-E280-46B7-B69C-2EA2E2257D0D}.Debug|x86.Build.0 = Debug|Win32
		{2B889ADF-E280-46B7-B69C-2EA2E2257D0D}.Release|x64.ActiveCfg = Release|x64
		{2B889ADF-E280-46B7-B69C-2EA2E2257D0D}.Release|x64.Build.0 = Release|x64
		{2B889ADF-E280-46B7-B69C-2EA2E2257D0D}.Release|x86.ActiveCfg = Release|Win32
		{2B889ADF-E280-46B7-B69C-2EA2E2257D0D}.Release|x86.Build.0 = Release|Win32
	EndGlobalSection
	GlobalSection(SolutionProperties) = preSolution
		HideSolutionNode = FALSE
	EndGlobalSection
	GlobalSection(ExtensibilityGlobals) = postSolution
		SolutionGuid = {D305B419-B794-4C8C-AE16-D4ED5718EEE8}
	EndGlobalSection
EndGlobal
