
Microsoft Visual Studio Solution File, Format Version 12.00
# Visual Studio Version 16
VisualStudioVersion = 16.0.29418.71
MinimumVisualStudioVersion = 10.0.40219.1
Project("{8BC9CEB8-8B4A-11D0-8D11-00A0C91BC942}") = "보물", "보물\보물.vcxproj", "{1407A003-AD04-447D-9B4B-3463E5C4BA05}"
EndProject
Global
	GlobalSection(SolutionConfigurationPlatforms) = preSolution
		Debug|x64 = Debug|x64
		Debug|x86 = Debug|x86
		Release|x64 = Release|x64
		Release|x86 = Release|x86
	EndGlobalSection
	GlobalSection(ProjectConfigurationPlatforms) = postSolution
		{1407A003-AD04-447D-9B4B-3463E5C4BA05}.Debug|x64.ActiveCfg = Debug|x64
		{1407A003-AD04-447D-9B4B-3463E5C4BA05}.Debug|x64.Build.0 = Debug|x64
		{1407A003-AD04-447D-9B4B-3463E5C4BA05}.Debug|x86.ActiveCfg = Debug|Win32
		{1407A003-AD04-447D-9B4B-3463E5C4BA05}.Debug|x86.Build.0 = Debug|Win32
		{1407A003-AD04-447D-9B4B-3463E5C4BA05}.Release|x64.ActiveCfg = Release|x64
		{1407A003-AD04-447D-9B4B-3463E5C4BA05}.Release|x64.Build.0 = Release|x64
		{1407A003-AD04-447D-9B4B-3463E5C4BA05}.Release|x86.ActiveCfg = Release|Win32
		{1407A003-AD04-447D-9B4B-3463E5C4BA05}.Release|x86.Build.0 = Release|Win32
	EndGlobalSection
	GlobalSection(SolutionProperties) = preSolution
		HideSolutionNode = FALSE
	EndGlobalSection
	GlobalSection(ExtensibilityGlobals) = postSolution
		SolutionGuid = {9643ED58-812A-4A3A-B43B-061703F61541}
	EndGlobalSection
EndGlobal
