
Microsoft Visual Studio Solution File, Format Version 12.00
# Visual Studio Version 16
VisualStudioVersion = 16.0.30011.22
MinimumVisualStudioVersion = 10.0.40219.1
Project("{8BC9CEB8-8B4A-11D0-8D11-00A0C91BC942}") = "1459 걷기", "1459 걷기.vcxproj", "{6243A7C8-C9B8-418C-9DA2-C2D799EC3A16}"
EndProject
Global
	GlobalSection(SolutionConfigurationPlatforms) = preSolution
		Debug|x64 = Debug|x64
		Debug|x86 = Debug|x86
		Release|x64 = Release|x64
		Release|x86 = Release|x86
	EndGlobalSection
	GlobalSection(ProjectConfigurationPlatforms) = postSolution
		{6243A7C8-C9B8-418C-9DA2-C2D799EC3A16}.Debug|x64.ActiveCfg = Debug|x64
		{6243A7C8-C9B8-418C-9DA2-C2D799EC3A16}.Debug|x64.Build.0 = Debug|x64
		{6243A7C8-C9B8-418C-9DA2-C2D799EC3A16}.Debug|x86.ActiveCfg = Debug|Win32
		{6243A7C8-C9B8-418C-9DA2-C2D799EC3A16}.Debug|x86.Build.0 = Debug|Win32
		{6243A7C8-C9B8-418C-9DA2-C2D799EC3A16}.Release|x64.ActiveCfg = Release|x64
		{6243A7C8-C9B8-418C-9DA2-C2D799EC3A16}.Release|x64.Build.0 = Release|x64
		{6243A7C8-C9B8-418C-9DA2-C2D799EC3A16}.Release|x86.ActiveCfg = Release|Win32
		{6243A7C8-C9B8-418C-9DA2-C2D799EC3A16}.Release|x86.Build.0 = Release|Win32
	EndGlobalSection
	GlobalSection(SolutionProperties) = preSolution
		HideSolutionNode = FALSE
	EndGlobalSection
	GlobalSection(ExtensibilityGlobals) = postSolution
		SolutionGuid = {05F5AB9F-831F-4DF4-BDC1-C6FE2E3E2465}
	EndGlobalSection
EndGlobal
