
Microsoft Visual Studio Solution File, Format Version 12.00
# Visual Studio Version 16
VisualStudioVersion = 16.0.30320.27
MinimumVisualStudioVersion = 10.0.40219.1
Project("{8BC9CEB8-8B4A-11D0-8D11-00A0C91BC942}") = "(프로그래머스) 여행경로", "(프로그래머스) 여행경로.vcxproj", "{0C148863-6159-46A1-8DD3-3A9D46A8E887}"
EndProject
Global
	GlobalSection(SolutionConfigurationPlatforms) = preSolution
		Debug|x64 = Debug|x64
		Debug|x86 = Debug|x86
		Release|x64 = Release|x64
		Release|x86 = Release|x86
	EndGlobalSection
	GlobalSection(ProjectConfigurationPlatforms) = postSolution
		{0C148863-6159-46A1-8DD3-3A9D46A8E887}.Debug|x64.ActiveCfg = Debug|x64
		{0C148863-6159-46A1-8DD3-3A9D46A8E887}.Debug|x64.Build.0 = Debug|x64
		{0C148863-6159-46A1-8DD3-3A9D46A8E887}.Debug|x86.ActiveCfg = Debug|Win32
		{0C148863-6159-46A1-8DD3-3A9D46A8E887}.Debug|x86.Build.0 = Debug|Win32
		{0C148863-6159-46A1-8DD3-3A9D46A8E887}.Release|x64.ActiveCfg = Release|x64
		{0C148863-6159-46A1-8DD3-3A9D46A8E887}.Release|x64.Build.0 = Release|x64
		{0C148863-6159-46A1-8DD3-3A9D46A8E887}.Release|x86.ActiveCfg = Release|Win32
		{0C148863-6159-46A1-8DD3-3A9D46A8E887}.Release|x86.Build.0 = Release|Win32
	EndGlobalSection
	GlobalSection(SolutionProperties) = preSolution
		HideSolutionNode = FALSE
	EndGlobalSection
	GlobalSection(ExtensibilityGlobals) = postSolution
		SolutionGuid = {2E1FBE3A-041F-4ABF-A389-AFC3BF6E6B95}
	EndGlobalSection
EndGlobal
